
Microsoft Visual Studio Solution File, Format Version 12.00
# Visual Studio Version 18
VisualStudioVersion = 18.1.11312.151
MinimumVisualStudioVersion = 10.0.40219.1
Project("{9A19103F-16F7-4668-BE54-9A1E7A4F7556}") = "Extraordinary.App", "Extraordinary.App\Extraordinary.App.csproj", "{7AC32CDA-F374-4E7D-A2F3-F3A27A740446}"
EndProject
Project("{2150E333-8FDC-42A3-9474-1A3956D46DE8}") = "解决方案项", "解决方案项", "{3F69194A-7546-43A6-9CDE-7949D1FE4607}"
	ProjectSection(SolutionItems) = preProject
		.config\dotnet-tools.json = .config\dotnet-tools.json
		global.json = global.json
		paket.dependencies = paket.dependencies
		paket.lock = paket.lock
		..\publish.ps1 = ..\publish.ps1
		..\README.md = ..\README.md
	EndProjectSection
EndProject
Project("{FAE04EC0-301F-11D3-BF4B-00C04F79EFBC}") = "Extraordinary.Services", "Extraordinary.Services\Extraordinary.Services.csproj", "{8D3F4829-8D5C-4085-9BC4-AE45C48D1130}"
EndProject
Project("{FAE04EC0-301F-11D3-BF4B-00C04F79EFBC}") = "Extraordinary.Shared", "Extraordinary.Shared\Extraordinary.Shared.csproj", "{65C47413-297F-3967-E479-AAC084918558}"
EndProject
Project("{FAE04EC0-301F-11D3-BF4B-00C04F79EFBC}") = "Extraordinary.Tests", "Extraordinary.Tests\Extraordinary.Tests.csproj", "{B3B527AF-773E-46DD-BC2C-4CC64A7E10A8}"
EndProject
Project("{FAE04EC0-301F-11D3-BF4B-00C04F79EFBC}") = "Extraordinary.WebApi", "Extraordinary.WebApi\Extraordinary.WebApi.csproj", "{D3388A24-97FC-453B-A6B6-49DBFFAD8D4D}"
EndProject
Global
	GlobalSection(SolutionConfigurationPlatforms) = preSolution
		Debug|Any CPU = Debug|Any CPU
		Release|Any CPU = Release|Any CPU
	EndGlobalSection
	GlobalSection(ProjectConfigurationPlatforms) = postSolution
		{7AC32CDA-F374-4E7D-A2F3-F3A27A740446}.Debug|Any CPU.ActiveCfg = Debug|Any CPU
		{7AC32CDA-F374-4E7D-A2F3-F3A27A740446}.Debug|Any CPU.Build.0 = Debug|Any CPU
		{7AC32CDA-F374-4E7D-A2F3-F3A27A740446}.Release|Any CPU.ActiveCfg = Release|Any CPU
		{7AC32CDA-F374-4E7D-A2F3-F3A27A740446}.Release|Any CPU.Build.0 = Release|Any CPU
		{8D3F4829-8D5C-4085-9BC4-AE45C48D1130}.Debug|Any CPU.ActiveCfg = Debug|Any CPU
		{8D3F4829-8D5C-4085-9BC4-AE45C48D1130}.Debug|Any CPU.Build.0 = Debug|Any CPU
		{8D3F4829-8D5C-4085-9BC4-AE45C48D1130}.Release|Any CPU.ActiveCfg = Release|Any CPU
		{8D3F4829-8D5C-4085-9BC4-AE45C48D1130}.Release|Any CPU.Build.0 = Release|Any CPU
		{65C47413-297F-3967-E479-AAC084918558}.Debug|Any CPU.ActiveCfg = Debug|Any CPU
		{65C47413-297F-3967-E479-AAC084918558}.Debug|Any CPU.Build.0 = Debug|Any CPU
		{65C47413-297F-3967-E479-AAC084918558}.Release|Any CPU.ActiveCfg = Release|Any CPU
		{65C47413-297F-3967-E479-AAC084918558}.Release|Any CPU.Build.0 = Release|Any CPU
		{B3B527AF-773E-46DD-BC2C-4CC64A7E10A8}.Debug|Any CPU.ActiveCfg = Debug|Any CPU
		{B3B527AF-773E-46DD-BC2C-4CC64A7E10A8}.Debug|Any CPU.Build.0 = Debug|Any CPU
		{B3B527AF-773E-46DD-BC2C-4CC64A7E10A8}.Release|Any CPU.ActiveCfg = Release|Any CPU
		{B3B527AF-773E-46DD-BC2C-4CC64A7E10A8}.Release|Any CPU.Build.0 = Release|Any CPU
		{D3388A24-97FC-453B-A6B6-49DBFFAD8D4D}.Debug|Any CPU.ActiveCfg = Debug|Any CPU
		{D3388A24-97FC-453B-A6B6-49DBFFAD8D4D}.Debug|Any CPU.Build.0 = Debug|Any CPU
		{D3388A24-97FC-453B-A6B6-49DBFFAD8D4D}.Release|Any CPU.ActiveCfg = Release|Any CPU
		{D3388A24-97FC-453B-A6B6-49DBFFAD8D4D}.Release|Any CPU.Build.0 = Release|Any CPU
	EndGlobalSection
	GlobalSection(SolutionProperties) = preSolution
		HideSolutionNode = FALSE
	EndGlobalSection
	GlobalSection(ExtensibilityGlobals) = postSolution
		SolutionGuid = {340FDADE-C1AD-4709-AAB2-6150562668B1}
	EndGlobalSection
EndGlobal
